
Microsoft Visual Studio Solution File, Format Version 12.00
# Visual Studio Version 16
VisualStudioVersion = 16.0.30907.101
MinimumVisualStudioVersion = 10.0.40219.1
Project("{8BC9CEB8-8B4A-11D0-8D11-00A0C91BC942}") = "App", "App\App.vcxproj", "{97DB62D9-A2D3-428D-9648-89DF279FADBB}"
EndProject
Project("{8BC9CEB8-8B4A-11D0-8D11-00A0C91BC942}") = "Triangle", "Triangle\Triangle.vcxproj", "{8277A6CA-E372-427F-8ADA-0FF05A2AE4A7}"
EndProject
Global
	GlobalSection(SolutionConfigurationPlatforms) = preSolution
		Debug|x64 = Debug|x64
		Debug|x86 = Debug|x86
		Release|x64 = Release|x64
		Release|x86 = Release|x86
	EndGlobalSection
	GlobalSection(ProjectConfigurationPlatforms) = postSolution
		{97DB62D9-A2D3-428D-9648-89DF279FADBB}.Debug|x64.ActiveCfg = Debug|x64
		{97DB62D9-A2D3-428D-9648-89DF279FADBB}.Debug|x64.Build.0 = Debug|x64
		{97DB62D9-A2D3-428D-9648-89DF279FADBB}.Debug|x86.ActiveCfg = Debug|Win32
		{97DB62D9-A2D3-428D-9648-89DF279FADBB}.Debug|x86.Build.0 = Debug|Win32
		{97DB62D9-A2D3-428D-9648-89DF279FADBB}.Release|x64.ActiveCfg = Release|x64
		{97DB62D9-A2D3-428D-9648-89DF279FADBB}.Release|x64.Build.0 = Release|x64
		{97DB62D9-A2D3-428D-9648-89DF279FADBB}.Release|x86.ActiveCfg = Release|Win32
		{97DB62D9-A2D3-428D-9648-89DF279FADBB}.Release|x86.Build.0 = Release|Win32
		{8277A6CA-E372-427F-8ADA-0FF05A2AE4A7}.Debug|x64.ActiveCfg = Debug|x64
		{8277A6CA-E372-427F-8ADA-0FF05A2AE4A7}.Debug|x64.Build.0 = Debug|x64
		{8277A6CA-E372-427F-8ADA-0FF05A2AE4A7}.Debug|x86.ActiveCfg = Debug|Win32
		{8277A6CA-E372-427F-8ADA-0FF05A2AE4A7}.Debug|x86.Build.0 = Debug|Win32
		{8277A6CA-E372-427F-8ADA-0FF05A2AE4A7}.Release|x64.ActiveCfg = Release|x64
		{8277A6CA-E372-427F-8ADA-0FF05A2AE4A7}.Release|x64.Build.0 = Release|x64
		{8277A6CA-E372-427F-8ADA-0FF05A2AE4A7}.Release|x86.ActiveCfg = Release|Win32
		{8277A6CA-E372-427F-8ADA-0FF05A2AE4A7}.Release|x86.Build.0 = Release|Win32
	EndGlobalSection
	GlobalSection(SolutionProperties) = preSolution
		HideSolutionNode = FALSE
	EndGlobalSection
	GlobalSection(ExtensibilityGlobals) = postSolution
		SolutionGuid = {F601BC2F-646C-4F3C-BB7B-DEA7F7DDA731}
	EndGlobalSection
EndGlobal
